
Microsoft Visual Studio Solution File, Format Version 12.00
# Visual Studio 15
VisualStudioVersion = 15.0.27428.2037
MinimumVisualStudioVersion = 10.0.40219.1
Project("{FAE04EC0-301F-11D3-BF4B-00C04F79EFBC}") = "LaunchEnvironment", "LaunchEnvironment\LaunchEnvironment.csproj", "{AEAB8081-22F8-40A0-A1BB-3037EAD3CCC9}"
	ProjectSection(ProjectDependencies) = postProject
		{5746A020-010E-4C23-8A8D-E5CE0AFCFF76} = {5746A020-010E-4C23-8A8D-E5CE0AFCFF76}
		{C57F7321-3BA5-402F-9ABB-2E39E3AF217B} = {C57F7321-3BA5-402F-9ABB-2E39E3AF217B}
		{2221EB79-FD22-46FE-9EE7-E7B829AAD7E4} = {2221EB79-FD22-46FE-9EE7-E7B829AAD7E4}
		{F7AD388C-78DF-48A4-B04A-47B6CF337ED1} = {F7AD388C-78DF-48A4-B04A-47B6CF337ED1}
		{02B4F0AD-1D50-4C1C-83A2-DC43AA29C47D} = {02B4F0AD-1D50-4C1C-83A2-DC43AA29C47D}
	EndProjectSection
EndProject
Project("{8BC9CEB8-8B4A-11D0-8D11-00A0C91BC942}") = "RegistryHandler", "RegistryHandler\RegistryHandler.vcxproj", "{2221EB79-FD22-46FE-9EE7-E7B829AAD7E4}"
EndProject
Project("{FAE04EC0-301F-11D3-BF4B-00C04F79EFBC}") = "RunScript", "RunScript\RunScript.csproj", "{F7AD388C-78DF-48A4-B04A-47B6CF337ED1}"
	ProjectSection(ProjectDependencies) = postProject
		{5746A020-010E-4C23-8A8D-E5CE0AFCFF76} = {5746A020-010E-4C23-8A8D-E5CE0AFCFF76}
		{C57F7321-3BA5-402F-9ABB-2E39E3AF217B} = {C57F7321-3BA5-402F-9ABB-2E39E3AF217B}
	EndProjectSection
EndProject
Project("{FAE04EC0-301F-11D3-BF4B-00C04F79EFBC}") = "RunScriptConsole", "RunScript\RunScriptConsole.csproj", "{02B4F0AD-1D50-4C1C-83A2-DC43AA29C47D}"
	ProjectSection(ProjectDependencies) = postProject
		{5746A020-010E-4C23-8A8D-E5CE0AFCFF76} = {5746A020-010E-4C23-8A8D-E5CE0AFCFF76}
		{C57F7321-3BA5-402F-9ABB-2E39E3AF217B} = {C57F7321-3BA5-402F-9ABB-2E39E3AF217B}
	EndProjectSection
EndProject
Project("{FAE04EC0-301F-11D3-BF4B-00C04F79EFBC}") = "ProcessExStore", "ProcessExStore\ProcessExStore.csproj", "{5746A020-010E-4C23-8A8D-E5CE0AFCFF76}"
	ProjectSection(ProjectDependencies) = postProject
		{C57F7321-3BA5-402F-9ABB-2E39E3AF217B} = {C57F7321-3BA5-402F-9ABB-2E39E3AF217B}
	EndProjectSection
EndProject
Project("{FAE04EC0-301F-11D3-BF4B-00C04F79EFBC}") = "ProcessEx", "ProcessEx\ProcessEx.csproj", "{C57F7321-3BA5-402F-9ABB-2E39E3AF217B}"
EndProject
Project("{FAE04EC0-301F-11D3-BF4B-00C04F79EFBC}") = "RunScriptLib", "RunScriptLib\RunScriptLib.csproj", "{CC7AC078-3BD7-44B5-976F-BB2A88D36B09}"
EndProject
Project("{FAE04EC0-301F-11D3-BF4B-00C04F79EFBC}") = "Testing", "Testing\Testing.csproj", "{074BE187-378B-4D3A-9853-776ACB6AFCAC}"
EndProject
Global
	GlobalSection(SolutionConfigurationPlatforms) = preSolution
		Debug|Any CPU = Debug|Any CPU
		Debug|x64 = Debug|x64
		Debug|x86 = Debug|x86
		Release|Any CPU = Release|Any CPU
		Release|x64 = Release|x64
		Release|x86 = Release|x86
	EndGlobalSection
	GlobalSection(ProjectConfigurationPlatforms) = postSolution
		{AEAB8081-22F8-40A0-A1BB-3037EAD3CCC9}.Debug|Any CPU.ActiveCfg = Debug|Any CPU
		{AEAB8081-22F8-40A0-A1BB-3037EAD3CCC9}.Debug|Any CPU.Build.0 = Debug|Any CPU
		{AEAB8081-22F8-40A0-A1BB-3037EAD3CCC9}.Debug|x64.ActiveCfg = Debug|Any CPU
		{AEAB8081-22F8-40A0-A1BB-3037EAD3CCC9}.Debug|x64.Build.0 = Debug|Any CPU
		{AEAB8081-22F8-40A0-A1BB-3037EAD3CCC9}.Debug|x86.ActiveCfg = Debug|Any CPU
		{AEAB8081-22F8-40A0-A1BB-3037EAD3CCC9}.Debug|x86.Build.0 = Debug|Any CPU
		{AEAB8081-22F8-40A0-A1BB-3037EAD3CCC9}.Release|Any CPU.ActiveCfg = Release|Any CPU
		{AEAB8081-22F8-40A0-A1BB-3037EAD3CCC9}.Release|Any CPU.Build.0 = Release|Any CPU
		{AEAB8081-22F8-40A0-A1BB-3037EAD3CCC9}.Release|x64.ActiveCfg = Release|Any CPU
		{AEAB8081-22F8-40A0-A1BB-3037EAD3CCC9}.Release|x64.Build.0 = Release|Any CPU
		{AEAB8081-22F8-40A0-A1BB-3037EAD3CCC9}.Release|x86.ActiveCfg = Release|Any CPU
		{AEAB8081-22F8-40A0-A1BB-3037EAD3CCC9}.Release|x86.Build.0 = Release|Any CPU
		{2221EB79-FD22-46FE-9EE7-E7B829AAD7E4}.Debug|Any CPU.ActiveCfg = Release|x64
		{2221EB79-FD22-46FE-9EE7-E7B829AAD7E4}.Debug|Any CPU.Build.0 = Release|x64
		{2221EB79-FD22-46FE-9EE7-E7B829AAD7E4}.Debug|x64.ActiveCfg = Debug|x64
		{2221EB79-FD22-46FE-9EE7-E7B829AAD7E4}.Debug|x64.Build.0 = Debug|x64
		{2221EB79-FD22-46FE-9EE7-E7B829AAD7E4}.Debug|x86.ActiveCfg = Debug|Win32
		{2221EB79-FD22-46FE-9EE7-E7B829AAD7E4}.Debug|x86.Build.0 = Debug|Win32
		{2221EB79-FD22-46FE-9EE7-E7B829AAD7E4}.Release|Any CPU.ActiveCfg = Release|x64
		{2221EB79-FD22-46FE-9EE7-E7B829AAD7E4}.Release|x64.ActiveCfg = Release|x64
		{2221EB79-FD22-46FE-9EE7-E7B829AAD7E4}.Release|x64.Build.0 = Release|x64
		{2221EB79-FD22-46FE-9EE7-E7B829AAD7E4}.Release|x86.ActiveCfg = Release|Win32
		{2221EB79-FD22-46FE-9EE7-E7B829AAD7E4}.Release|x86.Build.0 = Release|Win32
		{F7AD388C-78DF-48A4-B04A-47B6CF337ED1}.Debug|Any CPU.ActiveCfg = Debug|Any CPU
		{F7AD388C-78DF-48A4-B04A-47B6CF337ED1}.Debug|Any CPU.Build.0 = Debug|Any CPU
		{F7AD388C-78DF-48A4-B04A-47B6CF337ED1}.Debug|x64.ActiveCfg = Debug|Any CPU
		{F7AD388C-78DF-48A4-B04A-47B6CF337ED1}.Debug|x64.Build.0 = Debug|Any CPU
		{F7AD388C-78DF-48A4-B04A-47B6CF337ED1}.Debug|x86.ActiveCfg = Debug|Any CPU
		{F7AD388C-78DF-48A4-B04A-47B6CF337ED1}.Debug|x86.Build.0 = Debug|Any CPU
		{F7AD388C-78DF-48A4-B04A-47B6CF337ED1}.Release|Any CPU.ActiveCfg = Release|Any CPU
		{F7AD388C-78DF-48A4-B04A-47B6CF337ED1}.Release|Any CPU.Build.0 = Release|Any CPU
		{F7AD388C-78DF-48A4-B04A-47B6CF337ED1}.Release|x64.ActiveCfg = Release|Any CPU
		{F7AD388C-78DF-48A4-B04A-47B6CF337ED1}.Release|x64.Build.0 = Release|Any CPU
		{F7AD388C-78DF-48A4-B04A-47B6CF337ED1}.Release|x86.ActiveCfg = Release|Any CPU
		{F7AD388C-78DF-48A4-B04A-47B6CF337ED1}.Release|x86.Build.0 = Release|Any CPU
		{02B4F0AD-1D50-4C1C-83A2-DC43AA29C47D}.Debug|Any CPU.ActiveCfg = Debug|Any CPU
		{02B4F0AD-1D50-4C1C-83A2-DC43AA29C47D}.Debug|Any CPU.Build.0 = Debug|Any CPU
		{02B4F0AD-1D50-4C1C-83A2-DC43AA29C47D}.Debug|x64.ActiveCfg = Debug|Any CPU
		{02B4F0AD-1D50-4C1C-83A2-DC43AA29C47D}.Debug|x64.Build.0 = Debug|Any CPU
		{02B4F0AD-1D50-4C1C-83A2-DC43AA29C47D}.Debug|x86.ActiveCfg = Debug|Any CPU
		{02B4F0AD-1D50-4C1C-83A2-DC43AA29C47D}.Debug|x86.Build.0 = Debug|Any CPU
		{02B4F0AD-1D50-4C1C-83A2-DC43AA29C47D}.Release|Any CPU.ActiveCfg = Release|Any CPU
		{02B4F0AD-1D50-4C1C-83A2-DC43AA29C47D}.Release|Any CPU.Build.0 = Release|Any CPU
		{02B4F0AD-1D50-4C1C-83A2-DC43AA29C47D}.Release|x64.ActiveCfg = Release|Any CPU
		{02B4F0AD-1D50-4C1C-83A2-DC43AA29C47D}.Release|x64.Build.0 = Release|Any CPU
		{02B4F0AD-1D50-4C1C-83A2-DC43AA29C47D}.Release|x86.ActiveCfg = Release|Any CPU
		{02B4F0AD-1D50-4C1C-83A2-DC43AA29C47D}.Release|x86.Build.0 = Release|Any CPU
		{5746A020-010E-4C23-8A8D-E5CE0AFCFF76}.Debug|Any CPU.ActiveCfg = Debug|Any CPU
		{5746A020-010E-4C23-8A8D-E5CE0AFCFF76}.Debug|Any CPU.Build.0 = Debug|Any CPU
		{5746A020-010E-4C23-8A8D-E5CE0AFCFF76}.Debug|x64.ActiveCfg = Debug|Any CPU
		{5746A020-010E-4C23-8A8D-E5CE0AFCFF76}.Debug|x64.Build.0 = Debug|Any CPU
		{5746A020-010E-4C23-8A8D-E5CE0AFCFF76}.Debug|x86.ActiveCfg = Debug|Any CPU
		{5746A020-010E-4C23-8A8D-E5CE0AFCFF76}.Debug|x86.Build.0 = Debug|Any CPU
		{5746A020-010E-4C23-8A8D-E5CE0AFCFF76}.Release|Any CPU.ActiveCfg = Release|Any CPU
		{5746A020-010E-4C23-8A8D-E5CE0AFCFF76}.Release|Any CPU.Build.0 = Release|Any CPU
		{5746A020-010E-4C23-8A8D-E5CE0AFCFF76}.Release|x64.ActiveCfg = Release|Any CPU
		{5746A020-010E-4C23-8A8D-E5CE0AFCFF76}.Release|x64.Build.0 = Release|Any CPU
		{5746A020-010E-4C23-8A8D-E5CE0AFCFF76}.Release|x86.ActiveCfg = Release|Any CPU
		{5746A020-010E-4C23-8A8D-E5CE0AFCFF76}.Release|x86.Build.0 = Release|Any CPU
		{C57F7321-3BA5-402F-9ABB-2E39E3AF217B}.Debug|Any CPU.ActiveCfg = Debug|Any CPU
		{C57F7321-3BA5-402F-9ABB-2E39E3AF217B}.Debug|Any CPU.Build.0 = Debug|Any CPU
		{C57F7321-3BA5-402F-9ABB-2E39E3AF217B}.Debug|x64.ActiveCfg = Debug|Any CPU
		{C57F7321-3BA5-402F-9ABB-2E39E3AF217B}.Debug|x64.Build.0 = Debug|Any CPU
		{C57F7321-3BA5-402F-9ABB-2E39E3AF217B}.Debug|x86.ActiveCfg = Debug|Any CPU
		{C57F7321-3BA5-402F-9ABB-2E39E3AF217B}.Debug|x86.Build.0 = Debug|Any CPU
		{C57F7321-3BA5-402F-9ABB-2E39E3AF217B}.Release|Any CPU.ActiveCfg = Release|Any CPU
		{C57F7321-3BA5-402F-9ABB-2E39E3AF217B}.Release|Any CPU.Build.0 = Release|Any CPU
		{C57F7321-3BA5-402F-9ABB-2E39E3AF217B}.Release|x64.ActiveCfg = Release|Any CPU
		{C57F7321-3BA5-402F-9ABB-2E39E3AF217B}.Release|x64.Build.0 = Release|Any CPU
		{C57F7321-3BA5-402F-9ABB-2E39E3AF217B}.Release|x86.ActiveCfg = Release|Any CPU
		{C57F7321-3BA5-402F-9ABB-2E39E3AF217B}.Release|x86.Build.0 = Release|Any CPU
		{CC7AC078-3BD7-44B5-976F-BB2A88D36B09}.Debug|Any CPU.ActiveCfg = Debug|Any CPU
		{CC7AC078-3BD7-44B5-976F-BB2A88D36B09}.Debug|Any CPU.Build.0 = Debug|Any CPU
		{CC7AC078-3BD7-44B5-976F-BB2A88D36B09}.Debug|x64.ActiveCfg = Debug|Any CPU
		{CC7AC078-3BD7-44B5-976F-BB2A88D36B09}.Debug|x64.Build.0 = Debug|Any CPU
		{CC7AC078-3BD7-44B5-976F-BB2A88D36B09}.Debug|x86.ActiveCfg = Debug|Any CPU
		{CC7AC078-3BD7-44B5-976F-BB2A88D36B09}.Debug|x86.Build.0 = Debug|Any CPU
		{CC7AC078-3BD7-44B5-976F-BB2A88D36B09}.Release|Any CPU.ActiveCfg = Release|Any CPU
		{CC7AC078-3BD7-44B5-976F-BB2A88D36B09}.Release|Any CPU.Build.0 = Release|Any CPU
		{CC7AC078-3BD7-44B5-976F-BB2A88D36B09}.Release|x64.ActiveCfg = Release|Any CPU
		{CC7AC078-3BD7-44B5-976F-BB2A88D36B09}.Release|x64.Build.0 = Release|Any CPU
		{CC7AC078-3BD7-44B5-976F-BB2A88D36B09}.Release|x86.ActiveCfg = Release|Any CPU
		{CC7AC078-3BD7-44B5-976F-BB2A88D36B09}.Release|x86.Build.0 = Release|Any CPU
		{074BE187-378B-4D3A-9853-776ACB6AFCAC}.Debug|Any CPU.ActiveCfg = Debug|Any CPU
		{074BE187-378B-4D3A-9853-776ACB6AFCAC}.Debug|Any CPU.Build.0 = Debug|Any CPU
		{074BE187-378B-4D3A-9853-776ACB6AFCAC}.Debug|x64.ActiveCfg = Debug|Any CPU
		{074BE187-378B-4D3A-9853-776ACB6AFCAC}.Debug|x64.Build.0 = Debug|Any CPU
		{074BE187-378B-4D3A-9853-776ACB6AFCAC}.Debug|x86.ActiveCfg = Debug|Any CPU
		{074BE187-378B-4D3A-9853-776ACB6AFCAC}.Debug|x86.Build.0 = Debug|Any CPU
		{074BE187-378B-4D3A-9853-776ACB6AFCAC}.Release|Any CPU.ActiveCfg = Release|Any CPU
		{074BE187-378B-4D3A-9853-776ACB6AFCAC}.Release|Any CPU.Build.0 = Release|Any CPU
		{074BE187-378B-4D3A-9853-776ACB6AFCAC}.Release|x64.ActiveCfg = Release|Any CPU
		{074BE187-378B-4D3A-9853-776ACB6AFCAC}.Release|x64.Build.0 = Release|Any CPU
		{074BE187-378B-4D3A-9853-776ACB6AFCAC}.Release|x86.ActiveCfg = Release|Any CPU
		{074BE187-378B-4D3A-9853-776ACB6AFCAC}.Release|x86.Build.0 = Release|Any CPU
	EndGlobalSection
	GlobalSection(SolutionProperties) = preSolution
		HideSolutionNode = FALSE
	EndGlobalSection
	GlobalSection(ExtensibilityGlobals) = postSolution
		SolutionGuid = {95FB6C25-E0E0-482B-8473-594A292E6CD4}
	EndGlobalSection
EndGlobal
